schema: '2.0'
stages:
  preprocess:
    cmd: uv run python -m tech_challenge_recomendacao.dados.preprocessamento
    deps:
    - path: data/raw_data/ratings.csv
      hash: md5
      md5: 325a6f09399d1c45671f187505e1a100
      size: 2483723
    - path: src/tech_challenge_recomendacao/dados/preprocessamento.py
      hash: md5
      md5: 5dc9a15c5c6d4d8381f5ff27ba6e7afd
      size: 4355
    - path: src/tech_challenge_recomendacao/parametros.py
      hash: md5
      md5: 9765f3076dcf2da96ad9377336e06776
      size: 1512
    params:
      configs/params.yaml:
        preprocessamento:
          tamanho_amostra: 200000
          min_avaliacoes_por_usuario: 5
          min_avaliacoes_por_filme: 5
    outs:
    - path: data/processed_data/interacoes.parquet
      hash: md5
      md5: d30103cc4475694c7a6d66a97fc2e07b
      size: 202997
  feature_eng:
    cmd: uv run python -m tech_challenge_recomendacao.dados.engenharia_features
    deps:
    - path: data/processed_data/interacoes.parquet
      hash: md5
      md5: d30103cc4475694c7a6d66a97fc2e07b
      size: 202997
    - path: data/raw_data/movies.csv
      hash: md5
      md5: ed94fab72b62442ef8150d9446e000d6
      size: 494431
    - path: src/tech_challenge_recomendacao/dados/catalogo_filmes.py
      hash: md5
      md5: adff8b6ff36efdc2c5b030af4c05f3da
      size: 1814
    - path: src/tech_challenge_recomendacao/dados/engenharia_features.py
      hash: md5
      md5: 52201c4941f2bf8cd74c69de84e18cc3
      size: 4546
    - path: src/tech_challenge_recomendacao/dados/mapeamento_ids.py
      hash: md5
      md5: bdf7d5172e9aa7190fa7457966bba372
      size: 2699
    - path: src/tech_challenge_recomendacao/parametros.py
      hash: md5
      md5: 9765f3076dcf2da96ad9377336e06776
      size: 1512
    params:
      configs/params.yaml:
        engenharia_features:
          proporcao_teste: 0.2
    outs:
    - path: data/processed_data/catalogo_filmes.json
      hash: md5
      md5: 6ea08d6b7acd11b212cfd40e8f1bab91
      size: 403566
    - path: data/processed_data/mapeamento_ids.json
      hash: md5
      md5: 171697bf5d8bcde22b895599a90413a8
      size: 79117
    - path: data/processed_data/metadados_features.json
      hash: md5
      md5: bcbe19abfe91374eadc7b14d943beb6a
      size: 46
    - path: data/processed_data/teste.parquet
      hash: md5
      md5: 98b3d7ad48d2d492f71a41fee3bd135a
      size: 76731
    - path: data/processed_data/treino.parquet
      hash: md5
      md5: c3f835b1777bd6860d5fb1b5177a909d
      size: 255333
  train:
    cmd: uv run python -m tech_challenge_recomendacao.treino.treinar
    deps:
    - path: data/processed_data/metadados_features.json
      hash: md5
      md5: bcbe19abfe91374eadc7b14d943beb6a
      size: 46
    - path: data/processed_data/treino.parquet
      hash: md5
      md5: c3f835b1777bd6860d5fb1b5177a909d
      size: 255333
    - path: src/tech_challenge_recomendacao/modelos/base.py
      hash: md5
      md5: 71eed7dd7aecb98055431d8be9f22b48
      size: 717
    - path: src/tech_challenge_recomendacao/modelos/capacidades.py
      hash: md5
      md5: 44f02f47dd8f1fd73b230682d4f2e380
      size: 966
    - path: src/tech_challenge_recomendacao/modelos/checkpoint.py
      hash: md5
      md5: b121b4027a3c208e771496061d5cdc4d
      size: 2154
    - path: src/tech_challenge_recomendacao/modelos/fabrica.py
      hash: md5
      md5: 2dcf086d9f2a795f8f0962dd21c134fd
      size: 1599
    - path: src/tech_challenge_recomendacao/modelos/fatoracao_matricial.py
      hash: md5
      md5: 380efde080c35e664e045f10503d992a
      size: 2493
    - path: src/tech_challenge_recomendacao/parametros.py
      hash: md5
      md5: 9765f3076dcf2da96ad9377336e06776
      size: 1512
    - path: src/tech_challenge_recomendacao/treino/treinar.py
      hash: md5
      md5: 6d4b8fa79e1ec6fea22ee98cf42fa42a
      size: 7276
    params:
      configs/params.yaml:
        treino:
          tipo_modelo: fatoracao_matricial
          dimensao_embedding: 16
          taxa_aprendizado: 0.01
          epocas: 5
          tamanho_lote: 1024
    outs:
    - path: data/processed_data/metricas_treino.json
      hash: md5
      md5: feef775be44d4cef31185a31e7b21273
      size: 45
    - path: models/modelo_recomendador.pt
      hash: md5
      md5: 508ed2c45596a718a4b1308b018920d1
      size: 292829
  evaluate:
    cmd: uv run python -m tech_challenge_recomendacao.avaliacao.avaliar
    deps:
    - path: data/processed_data/teste.parquet
      hash: md5
      md5: 98b3d7ad48d2d492f71a41fee3bd135a
      size: 76731
    - path: models/modelo_recomendador.pt
      hash: md5
      md5: 508ed2c45596a718a4b1308b018920d1
      size: 292829
    - path: src/tech_challenge_recomendacao/avaliacao/avaliar.py
      hash: md5
      md5: 1361db8cdd8bcacb1af91a0c02771ae5
      size: 2476
    - path: src/tech_challenge_recomendacao/modelos/checkpoint.py
      hash: md5
      md5: b121b4027a3c208e771496061d5cdc4d
      size: 2154
    outs:
    - path: data/processed_data/metricas_avaliacao.json
      hash: md5
      md5: 787ed9f1560dea8167c3e5876cdd7149
      size: 63
